{
  "originHash" : "2622dc74448306fbe3b98e9a8b5bab372a6b8b468c1d452513b0dd6fe33c3df0",
  "pins" : [
    {
      "identity" : "llapiservice",
      "kind" : "remoteSourceControl",
      "location" : "https://github.com/beemol/LLApiService.git",
      "state" : {
        "revision" : "14fac0be9bf86fa3960ed7e992f5d267526351ec",
        "version" : "0.1.0"
      }
    }
  ],
  "version" : 3
}
