{
  "originHash" : "1031d57a32c063be587e153a1c97f919e9883a08702c520552a4bdb67964e3e3",
  "pins" : [
    {
      "identity" : "llapiservice",
      "kind" : "remoteSourceControl",
      "location" : "https://github.com/beemol/LLApiService.git",
      "state" : {
        "branch" : "main",
        "revision" : "6977d56c0dfe6307fed7d42e923e54188d6cb26b"
      }
    }
  ],
  "version" : 3
}
